
Microsoft Visual Studio Solution File, Format Version 12.00
# Visual Studio 14
VisualStudioVersion = 14.0.23107.0
MinimumVisualStudioVersion = 10.0.40219.1
Project("{FAE04EC0-301F-11D3-BF4B-00C04F79EFBC}") = "AppliPrincipale", "AppliPrincipale\AppliPrincipale.csproj", "{99D93370-8D4B-4166-8621-186191676B4B}"
EndProject
Project("{FAE04EC0-301F-11D3-BF4B-00C04F79EFBC}") = "BusinessLayer", "BusinessLayer\BusinessLayer.csproj", "{DD5D0E0A-22A9-47AF-8CA3-BFB6A9B1FCB9}"
EndProject
Project("{FAE04EC0-301F-11D3-BF4B-00C04F79EFBC}") = "DataAccessLayer", "DataAccessLayer\DataAccessLayer.csproj", "{86B3A3FB-4310-4E32-879D-304DB74B664C}"
EndProject
Project("{FAE04EC0-301F-11D3-BF4B-00C04F79EFBC}") = "BusinessEntity", "BusinessEntity\BusinessEntity.csproj", "{50C4C7EE-A50C-4C93-8466-6C4107F1D027}"
EndProject
Project("{FAE04EC0-301F-11D3-BF4B-00C04F79EFBC}") = "BusinessError", "BusinessError\BusinessError.csproj", "{B89EA447-9E76-4D17-AD71-EE22F987888F}"
EndProject
Global
	GlobalSection(SolutionConfigurationPlatforms) = preSolution
		Debug|Any CPU = Debug|Any CPU
		Release|Any CPU = Release|Any CPU
	EndGlobalSection
	GlobalSection(ProjectConfigurationPlatforms) = postSolution
		{99D93370-8D4B-4166-8621-186191676B4B}.Debug|Any CPU.ActiveCfg = Debug|Any CPU
		{99D93370-8D4B-4166-8621-186191676B4B}.Debug|Any CPU.Build.0 = Debug|Any CPU
		{99D93370-8D4B-4166-8621-186191676B4B}.Release|Any CPU.ActiveCfg = Release|Any CPU
		{99D93370-8D4B-4166-8621-186191676B4B}.Release|Any CPU.Build.0 = Release|Any CPU
		{DD5D0E0A-22A9-47AF-8CA3-BFB6A9B1FCB9}.Debug|Any CPU.ActiveCfg = Debug|Any CPU
		{DD5D0E0A-22A9-47AF-8CA3-BFB6A9B1FCB9}.Debug|Any CPU.Build.0 = Debug|Any CPU
		{DD5D0E0A-22A9-47AF-8CA3-BFB6A9B1FCB9}.Release|Any CPU.ActiveCfg = Release|Any CPU
		{DD5D0E0A-22A9-47AF-8CA3-BFB6A9B1FCB9}.Release|Any CPU.Build.0 = Release|Any CPU
		{86B3A3FB-4310-4E32-879D-304DB74B664C}.Debug|Any CPU.ActiveCfg = Debug|Any CPU
		{86B3A3FB-4310-4E32-879D-304DB74B664C}.Debug|Any CPU.Build.0 = Debug|Any CPU
		{86B3A3FB-4310-4E32-879D-304DB74B664C}.Release|Any CPU.ActiveCfg = Release|Any CPU
		{86B3A3FB-4310-4E32-879D-304DB74B664C}.Release|Any CPU.Build.0 = Release|Any CPU
		{50C4C7EE-A50C-4C93-8466-6C4107F1D027}.Debug|Any CPU.ActiveCfg = Debug|Any CPU
		{50C4C7EE-A50C-4C93-8466-6C4107F1D027}.Debug|Any CPU.Build.0 = Debug|Any CPU
		{50C4C7EE-A50C-4C93-8466-6C4107F1D027}.Release|Any CPU.ActiveCfg = Release|Any CPU
		{50C4C7EE-A50C-4C93-8466-6C4107F1D027}.Release|Any CPU.Build.0 = Release|Any CPU
		{B89EA447-9E76-4D17-AD71-EE22F987888F}.Debug|Any CPU.ActiveCfg = Debug|Any CPU
		{B89EA447-9E76-4D17-AD71-EE22F987888F}.Debug|Any CPU.Build.0 = Debug|Any CPU
		{B89EA447-9E76-4D17-AD71-EE22F987888F}.Release|Any CPU.ActiveCfg = Release|Any CPU
		{B89EA447-9E76-4D17-AD71-EE22F987888F}.Release|Any CPU.Build.0 = Release|Any CPU
	EndGlobalSection
	GlobalSection(SolutionProperties) = preSolution
		HideSolutionNode = FALSE
	EndGlobalSection
EndGlobal
